
Microsoft Visual Studio Solution File, Format Version 12.00
# Visual Studio 15
VisualStudioVersion = 15.0.28307.106
MinimumVisualStudioVersion = 10.0.40219.1
Project("{FAE04EC0-301F-11D3-BF4B-00C04F79EFBC}") = "Cede_Dotnet_CSharp", "Cede_Dotnet_CSharp\Cede_Dotnet_CSharp.csproj", "{C1572B7A-4661-4E6F-ACFD-036795954BAB}"
EndProject
Project("{FAE04EC0-301F-11D3-BF4B-00C04F79EFBC}") = "Cede_Dotnet_CSharp6", "Cede_Dotnet_CSharp6\Cede_Dotnet_CSharp6.csproj", "{8EFEE03E-5CB2-4B42-8780-ED2706F391E6}"
EndProject
Project("{FAE04EC0-301F-11D3-BF4B-00C04F79EFBC}") = "Cede_Dotnet_CSharp7", "Cede_Dotnet_CSharp7\Cede_Dotnet_CSharp7.csproj", "{9E242A98-601C-4266-A421-3AA42C94FDE2}"
EndProject
Global
	GlobalSection(SolutionConfigurationPlatforms) = preSolution
		Debug|Any CPU = Debug|Any CPU
		Release|Any CPU = Release|Any CPU
	EndGlobalSection
	GlobalSection(ProjectConfigurationPlatforms) = postSolution
		{C1572B7A-4661-4E6F-ACFD-036795954BAB}.Debug|Any CPU.ActiveCfg = Debug|Any CPU
		{C1572B7A-4661-4E6F-ACFD-036795954BAB}.Debug|Any CPU.Build.0 = Debug|Any CPU
		{C1572B7A-4661-4E6F-ACFD-036795954BAB}.Release|Any CPU.ActiveCfg = Release|Any CPU
		{C1572B7A-4661-4E6F-ACFD-036795954BAB}.Release|Any CPU.Build.0 = Release|Any CPU
		{8EFEE03E-5CB2-4B42-8780-ED2706F391E6}.Debug|Any CPU.ActiveCfg = Debug|Any CPU
		{8EFEE03E-5CB2-4B42-8780-ED2706F391E6}.Debug|Any CPU.Build.0 = Debug|Any CPU
		{8EFEE03E-5CB2-4B42-8780-ED2706F391E6}.Release|Any CPU.ActiveCfg = Release|Any CPU
		{8EFEE03E-5CB2-4B42-8780-ED2706F391E6}.Release|Any CPU.Build.0 = Release|Any CPU
		{9E242A98-601C-4266-A421-3AA42C94FDE2}.Debug|Any CPU.ActiveCfg = Debug|Any CPU
		{9E242A98-601C-4266-A421-3AA42C94FDE2}.Debug|Any CPU.Build.0 = Debug|Any CPU
		{9E242A98-601C-4266-A421-3AA42C94FDE2}.Release|Any CPU.ActiveCfg = Release|Any CPU
		{9E242A98-601C-4266-A421-3AA42C94FDE2}.Release|Any CPU.Build.0 = Release|Any CPU
	EndGlobalSection
	GlobalSection(SolutionProperties) = preSolution
		HideSolutionNode = FALSE
	EndGlobalSection
	GlobalSection(ExtensibilityGlobals) = postSolution
		SolutionGuid = {826B84C8-7C7C-4EF3-95B0-CE28C567519C}
	EndGlobalSection
EndGlobal
