
Microsoft Visual Studio Solution File, Format Version 12.00
# Visual Studio 15
VisualStudioVersion = 15.0.28307.106
MinimumVisualStudioVersion = 10.0.40219.1
Project("{FAE04EC0-301F-11D3-BF4B-00C04F79EFBC}") = "Cede_Dotnet_CSharp", "Cede_Dotnet_CSharp\Cede_Dotnet_CSharp.csproj", "{C1572B7A-4661-4E6F-ACFD-036795954BAB}"
EndProject
Project("{FAE04EC0-301F-11D3-BF4B-00C04F79EFBC}") = "Cede_Dotnet_CSharp6", "Cede_Dotnet_CSharp6\Cede_Dotnet_CSharp6.csproj", "{8EFEE03E-5CB2-4B42-8780-ED2706F391E6}"
EndProject
Project("{FAE04EC0-301F-11D3-BF4B-00C04F79EFBC}") = "Cede_Dotnet_CSharp7", "Cede_Dotnet_CSharp7\Cede_Dotnet_CSharp7.csproj", "{9E242A98-601C-4266-A421-3AA42C94FDE2}"
EndProject
Project("{FAE04EC0-301F-11D3-BF4B-00C04F79EFBC}") = "Cede_Dotnet_CSharp_Interfaces", "Cede_Dotnet_CSharp_Interfaces\Cede_Dotnet_CSharp_Interfaces.csproj", "{97D9BB0D-13D6-4CC4-9352-DBC990EF1183}"
EndProject
Project("{FAE04EC0-301F-11D3-BF4B-00C04F79EFBC}") = "Cede_Dotnet_CSharp_POO", "Cede_Dotnet_CSharp_POO\Cede_Dotnet_CSharp_POO.csproj", "{AC5C39B2-43DD-467C-9A44-374F918A633D}"
EndProject
Project("{2150E333-8FDC-42A3-9474-1A3956D46DE8}") = "Patterns", "Patterns", "{5F0B1F85-1032-4DD4-A87E-447E9764C726}"
EndProject
Project("{FAE04EC0-301F-11D3-BF4B-00C04F79EFBC}") = "Cede_Dotnet_CSharp_Builder", "Cede_Dotnet_CSharp_Builder\Cede_Dotnet_CSharp_Builder.csproj", "{04536705-892B-4E68-81F5-F82B94F7D70E}"
EndProject
Project("{FAE04EC0-301F-11D3-BF4B-00C04F79EFBC}") = "Cede_Dotnet_CSharp_Singleton", "Cede_Dotnet_CSharp_Singleton\Cede_Dotnet_CSharp_Singleton.csproj", "{1F545286-FA9A-4460-9F81-0C054C537EA9}"
EndProject
Project("{FAE04EC0-301F-11D3-BF4B-00C04F79EFBC}") = "Cede_Dotnet_CSharp_Adapter", "Cede_Dotnet_CSharp_Adapter\Cede_Dotnet_CSharp_Adapter.csproj", "{F610520D-5B11-4379-9107-E5F0CED621A1}"
EndProject
Project("{2150E333-8FDC-42A3-9474-1A3956D46DE8}") = "TDD", "TDD", "{843E5C59-D58C-414C-9DC6-8FFA49FF7AC7}"
EndProject
Project("{FAE04EC0-301F-11D3-BF4B-00C04F79EFBC}") = "Cede_Dotnet_CSharp__Test_Sample", "Cede_Dotnet_CSharp__Test_Sample\Cede_Dotnet_CSharp__Test_Sample.csproj", "{94BC645A-1A26-4919-9756-4087F1D23538}"
EndProject
Project("{FAE04EC0-301F-11D3-BF4B-00C04F79EFBC}") = "Cede_Dotnet_CSharp_UnitTest_Demo", "Cede_Dotnet_CSharp_UnitTest_Demo\Cede_Dotnet_CSharp_UnitTest_Demo.csproj", "{05EE2C3A-6CDD-4EC1-A94F-722FCA4C0F41}"
EndProject
Project("{9A19103F-16F7-4668-BE54-9A1E7A4F7556}") = "Cede_Dotnet_CSharp_Calculadora", "Cede_Dotnet_CSharp_Calculadora\Cede_Dotnet_CSharp_Calculadora.csproj", "{C27DDBB7-3A30-49CE-83BE-389A4F00ACA4}"
EndProject
Project("{9A19103F-16F7-4668-BE54-9A1E7A4F7556}") = "Cede_Dotnet_CSharp_FileManager", "Cede_Dotnet_CSharp_FileManager\Cede_Dotnet_CSharp_FileManager.csproj", "{DE4FEDDF-553F-49C7-8175-C90552810E32}"
EndProject
Project("{FAE04EC0-301F-11D3-BF4B-00C04F79EFBC}") = "Cede_Dotnet_CSharp_XUnit", "Cede_Dotnet_CSharp_XUnit\Cede_Dotnet_CSharp_XUnit.csproj", "{D96D5693-6787-4734-97F4-13BFC1E3E7C2}"
EndProject
Global
	GlobalSection(SolutionConfigurationPlatforms) = preSolution
		Debug|Any CPU = Debug|Any CPU
		Release|Any CPU = Release|Any CPU
	EndGlobalSection
	GlobalSection(ProjectConfigurationPlatforms) = postSolution
		{C1572B7A-4661-4E6F-ACFD-036795954BAB}.Debug|Any CPU.ActiveCfg = Debug|Any CPU
		{C1572B7A-4661-4E6F-ACFD-036795954BAB}.Debug|Any CPU.Build.0 = Debug|Any CPU
		{C1572B7A-4661-4E6F-ACFD-036795954BAB}.Release|Any CPU.ActiveCfg = Release|Any CPU
		{C1572B7A-4661-4E6F-ACFD-036795954BAB}.Release|Any CPU.Build.0 = Release|Any CPU
		{8EFEE03E-5CB2-4B42-8780-ED2706F391E6}.Debug|Any CPU.ActiveCfg = Debug|Any CPU
		{8EFEE03E-5CB2-4B42-8780-ED2706F391E6}.Debug|Any CPU.Build.0 = Debug|Any CPU
		{8EFEE03E-5CB2-4B42-8780-ED2706F391E6}.Release|Any CPU.ActiveCfg = Release|Any CPU
		{8EFEE03E-5CB2-4B42-8780-ED2706F391E6}.Release|Any CPU.Build.0 = Release|Any CPU
		{9E242A98-601C-4266-A421-3AA42C94FDE2}.Debug|Any CPU.ActiveCfg = Debug|Any CPU
		{9E242A98-601C-4266-A421-3AA42C94FDE2}.Debug|Any CPU.Build.0 = Debug|Any CPU
		{9E242A98-601C-4266-A421-3AA42C94FDE2}.Release|Any CPU.ActiveCfg = Release|Any CPU
		{9E242A98-601C-4266-A421-3AA42C94FDE2}.Release|Any CPU.Build.0 = Release|Any CPU
		{97D9BB0D-13D6-4CC4-9352-DBC990EF1183}.Debug|Any CPU.ActiveCfg = Debug|Any CPU
		{97D9BB0D-13D6-4CC4-9352-DBC990EF1183}.Debug|Any CPU.Build.0 = Debug|Any CPU
		{97D9BB0D-13D6-4CC4-9352-DBC990EF1183}.Release|Any CPU.ActiveCfg = Release|Any CPU
		{97D9BB0D-13D6-4CC4-9352-DBC990EF1183}.Release|Any CPU.Build.0 = Release|Any CPU
		{AC5C39B2-43DD-467C-9A44-374F918A633D}.Debug|Any CPU.ActiveCfg = Debug|Any CPU
		{AC5C39B2-43DD-467C-9A44-374F918A633D}.Debug|Any CPU.Build.0 = Debug|Any CPU
		{AC5C39B2-43DD-467C-9A44-374F918A633D}.Release|Any CPU.ActiveCfg = Release|Any CPU
		{AC5C39B2-43DD-467C-9A44-374F918A633D}.Release|Any CPU.Build.0 = Release|Any CPU
		{04536705-892B-4E68-81F5-F82B94F7D70E}.Debug|Any CPU.ActiveCfg = Debug|Any CPU
		{04536705-892B-4E68-81F5-F82B94F7D70E}.Debug|Any CPU.Build.0 = Debug|Any CPU
		{04536705-892B-4E68-81F5-F82B94F7D70E}.Release|Any CPU.ActiveCfg = Release|Any CPU
		{04536705-892B-4E68-81F5-F82B94F7D70E}.Release|Any CPU.Build.0 = Release|Any CPU
		{1F545286-FA9A-4460-9F81-0C054C537EA9}.Debug|Any CPU.ActiveCfg = Debug|Any CPU
		{1F545286-FA9A-4460-9F81-0C054C537EA9}.Debug|Any CPU.Build.0 = Debug|Any CPU
		{1F545286-FA9A-4460-9F81-0C054C537EA9}.Release|Any CPU.ActiveCfg = Release|Any CPU
		{1F545286-FA9A-4460-9F81-0C054C537EA9}.Release|Any CPU.Build.0 = Release|Any CPU
		{F610520D-5B11-4379-9107-E5F0CED621A1}.Debug|Any CPU.ActiveCfg = Debug|Any CPU
		{F610520D-5B11-4379-9107-E5F0CED621A1}.Debug|Any CPU.Build.0 = Debug|Any CPU
		{F610520D-5B11-4379-9107-E5F0CED621A1}.Release|Any CPU.ActiveCfg = Release|Any CPU
		{F610520D-5B11-4379-9107-E5F0CED621A1}.Release|Any CPU.Build.0 = Release|Any CPU
		{94BC645A-1A26-4919-9756-4087F1D23538}.Debug|Any CPU.ActiveCfg = Debug|Any CPU
		{94BC645A-1A26-4919-9756-4087F1D23538}.Debug|Any CPU.Build.0 = Debug|Any CPU
		{94BC645A-1A26-4919-9756-4087F1D23538}.Release|Any CPU.ActiveCfg = Release|Any CPU
		{94BC645A-1A26-4919-9756-4087F1D23538}.Release|Any CPU.Build.0 = Release|Any CPU
		{05EE2C3A-6CDD-4EC1-A94F-722FCA4C0F41}.Debug|Any CPU.ActiveCfg = Debug|Any CPU
		{05EE2C3A-6CDD-4EC1-A94F-722FCA4C0F41}.Debug|Any CPU.Build.0 = Debug|Any CPU
		{05EE2C3A-6CDD-4EC1-A94F-722FCA4C0F41}.Release|Any CPU.ActiveCfg = Release|Any CPU
		{05EE2C3A-6CDD-4EC1-A94F-722FCA4C0F41}.Release|Any CPU.Build.0 = Release|Any CPU
		{C27DDBB7-3A30-49CE-83BE-389A4F00ACA4}.Debug|Any CPU.ActiveCfg = Debug|Any CPU
		{C27DDBB7-3A30-49CE-83BE-389A4F00ACA4}.Debug|Any CPU.Build.0 = Debug|Any CPU
		{C27DDBB7-3A30-49CE-83BE-389A4F00ACA4}.Release|Any CPU.ActiveCfg = Release|Any CPU
		{C27DDBB7-3A30-49CE-83BE-389A4F00ACA4}.Release|Any CPU.Build.0 = Release|Any CPU
		{DE4FEDDF-553F-49C7-8175-C90552810E32}.Debug|Any CPU.ActiveCfg = Debug|Any CPU
		{DE4FEDDF-553F-49C7-8175-C90552810E32}.Debug|Any CPU.Build.0 = Debug|Any CPU
		{DE4FEDDF-553F-49C7-8175-C90552810E32}.Release|Any CPU.ActiveCfg = Release|Any CPU
		{DE4FEDDF-553F-49C7-8175-C90552810E32}.Release|Any CPU.Build.0 = Release|Any CPU
		{D96D5693-6787-4734-97F4-13BFC1E3E7C2}.Debug|Any CPU.ActiveCfg = Debug|Any CPU
		{D96D5693-6787-4734-97F4-13BFC1E3E7C2}.Debug|Any CPU.Build.0 = Debug|Any CPU
		{D96D5693-6787-4734-97F4-13BFC1E3E7C2}.Release|Any CPU.ActiveCfg = Release|Any CPU
		{D96D5693-6787-4734-97F4-13BFC1E3E7C2}.Release|Any CPU.Build.0 = Release|Any CPU
	EndGlobalSection
	GlobalSection(SolutionProperties) = preSolution
		HideSolutionNode = FALSE
	EndGlobalSection
	GlobalSection(NestedProjects) = preSolution
		{04536705-892B-4E68-81F5-F82B94F7D70E} = {5F0B1F85-1032-4DD4-A87E-447E9764C726}
		{1F545286-FA9A-4460-9F81-0C054C537EA9} = {5F0B1F85-1032-4DD4-A87E-447E9764C726}
		{F610520D-5B11-4379-9107-E5F0CED621A1} = {5F0B1F85-1032-4DD4-A87E-447E9764C726}
		{94BC645A-1A26-4919-9756-4087F1D23538} = {843E5C59-D58C-414C-9DC6-8FFA49FF7AC7}
		{05EE2C3A-6CDD-4EC1-A94F-722FCA4C0F41} = {843E5C59-D58C-414C-9DC6-8FFA49FF7AC7}
		{C27DDBB7-3A30-49CE-83BE-389A4F00ACA4} = {843E5C59-D58C-414C-9DC6-8FFA49FF7AC7}
		{DE4FEDDF-553F-49C7-8175-C90552810E32} = {843E5C59-D58C-414C-9DC6-8FFA49FF7AC7}
		{D96D5693-6787-4734-97F4-13BFC1E3E7C2} = {843E5C59-D58C-414C-9DC6-8FFA49FF7AC7}
	EndGlobalSection
	GlobalSection(ExtensibilityGlobals) = postSolution
		SolutionGuid = {826B84C8-7C7C-4EF3-95B0-CE28C567519C}
	EndGlobalSection
EndGlobal
